
Microsoft Visual Studio Solution File, Format Version 12.00
# Visual Studio Version 17
VisualStudioVersion = 17.4.32804.182
MinimumVisualStudioVersion = 10.0.40219.1
Project("{FAE04EC0-301F-11D3-BF4B-00C04F79EFBC}") = "LinqPerfImprovements", "LinqPerfImprovements\LinqPerfImprovements.csproj", "{AF0A899C-809C-451E-81ED-E5923965A589}"
EndProject
Global
	GlobalSection(SolutionConfigurationPlatforms) = preSolution
		Debug|Any CPU = Debug|Any CPU
		Release|Any CPU = Release|Any CPU
	EndGlobalSection
	GlobalSection(ProjectConfigurationPlatforms) = postSolution
		{AF0A899C-809C-451E-81ED-E5923965A589}.Debug|Any CPU.ActiveCfg = Debug|Any CPU
		{AF0A899C-809C-451E-81ED-E5923965A589}.Debug|Any CPU.Build.0 = Debug|Any CPU
		{AF0A899C-809C-451E-81ED-E5923965A589}.Release|Any CPU.ActiveCfg = Release|Any CPU
		{AF0A899C-809C-451E-81ED-E5923965A589}.Release|Any CPU.Build.0 = Release|Any CPU
	EndGlobalSection
	GlobalSection(SolutionProperties) = preSolution
		HideSolutionNode = FALSE
	EndGlobalSection
	GlobalSection(ExtensibilityGlobals) = postSolution
		SolutionGuid = {514BC653-EB12-4416-B315-C5042E3C3C32}
	EndGlobalSection
EndGlobal
